{
  "name": "beecrowd",
  "lockfileVersion": 3,
  "requires": true,
  "packages": {
    "": {
      "dependencies": {
        "@designliquido/delegua-matematica": "^0.3.0"
      }
    },
    "node_modules/@designliquido/delegua-matematica": {
      "version": "0.3.0",
      "resolved": "https://registry.npmjs.org/@designliquido/delegua-matematica/-/delegua-matematica-0.3.0.tgz",
      "integrity": "sha512-UD276/tKuWuqky0FfwuI+QJ5M+nUpnGq9QWjqmqPJikXfhUjePpTR5bBz/Ni+6WfBtgW9FShJ4T9GH96jKYuGw==",
      "license": "MIT"
    }
  }
}
